# This file is automatically @generated by Cargo.
# It is not intended for manual editing.
version = 3

[[package]]
name = "glam"
version = "0.24.1"
source = "registry+https://github.com/rust-lang/crates.io-index"
checksum = "42218cb640844e3872cc3c153dc975229e080a6c4733b34709ef445610550226"

[[package]]
name = "obj"
version = "0.10.2"
source = "registry+https://github.com/rust-lang/crates.io-index"
checksum = "059c95245738cdc7b40078cdd51a23200252a4c0a0a6dd005136152b3f467a4a"

[[package]]
name = "tgaimage"
version = "0.1.1"
source = "registry+https://github.com/rust-lang/crates.io-index"
checksum = "b54a36fc95199cca1618b34b6adaf51247b8f137cb967c7c42906c19f5120d9b"

[[package]]
name = "tinyrenderer"
version = "0.1.0"
dependencies = [
 "glam",
 "obj",
 "tgaimage",
]
